// !$*UTF8*$!
{
	archiveVersion = 1;
	classes = {
	};
	objectVersion = 46;
	objects = {

/* Begin PBXBuildFile section */
		06EAF0C3959D410D85B832FD /* libPods-LifePlannerTests.a in Frameworks */ = {isa = PBXBuildFile; fileRef = 1E75DF2EB23A4602ADBCD4D7 /* libPods-LifePlannerTests.a */; };
		B31AA1D5E89941F9B8D423ED /* libPods.a in Frameworks */ = {isa = PBXBuildFile; fileRef = 3B20F344AC46430E99E02AE3 /* libPods.a */; };
		E42605111762682500D2F557 /* TCCoreDataStore.m in Sources */ = {isa = PBXBuildFile; fileRef = E42605101762682500D2F557 /* TCCoreDataStore.m */; };
		E42605721764E62100D2F557 /* NSFileManager+AppLibrary.m in Sources */ = {isa = PBXBuildFile; fileRef = E42605711764E62100D2F557 /* NSFileManager+AppLibrary.m */; };
		E42605761764E77400D2F557 /* TCNode.m in Sources */ = {isa = PBXBuildFile; fileRef = E42605751764E77400D2F557 /* TCNode.m */; };
		E42605791764E79300D2F557 /* TCHabit.m in Sources */ = {isa = PBXBuildFile; fileRef = E42605781764E79300D2F557 /* TCHabit.m */; };
		E426057C1764E7C900D2F557 /* TCHabitTask.m in Sources */ = {isa = PBXBuildFile; fileRef = E426057B1764E7C800D2F557 /* TCHabitTask.m */; };
		E426057F1764E7F600D2F557 /* TCTask.m in Sources */ = {isa = PBXBuildFile; fileRef = E426057E1764E7F600D2F557 /* TCTask.m */; };
		E42605821764E80C00D2F557 /* TCTaskValidation.m in Sources */ = {isa = PBXBuildFile; fileRef = E42605811764E80B00D2F557 /* TCTaskValidation.m */; };
		E42605881764EC5700D2F557 /* NSManagedObject+ObjectCreation.m in Sources */ = {isa = PBXBuildFile; fileRef = E42605871764EC5700D2F557 /* NSManagedObject+ObjectCreation.m */; };
		E426058C1765007900D2F557 /* TCGraphView.m in Sources */ = {isa = PBXBuildFile; fileRef = E426058B1765007900D2F557 /* TCGraphView.m */; };
		E426058F1765050B00D2F557 /* TCGraph.m in Sources */ = {isa = PBXBuildFile; fileRef = E426058E1765050A00D2F557 /* TCGraph.m */; };
		E4280609176F784900B498E5 /* TCSpecificDaysScheduleSpec.m in Sources */ = {isa = PBXBuildFile; fileRef = E4280607176F784900B498E5 /* TCSpecificDaysScheduleSpec.m */; };
		E428060E176F7B0100B498E5 /* XCTest.framework in Frameworks */ = {isa = PBXBuildFile; fileRef = E428060D176F7B0100B498E5 /* XCTest.framework */; };
		E46AAD0F176E59B40031EDD6 /* TCSchedule.m in Sources */ = {isa = PBXBuildFile; fileRef = E46AAD0E176E59B40031EDD6 /* TCSchedule.m */; };
		E46AAD12176E5C210031EDD6 /* TCSpecificDaysSchedule.m in Sources */ = {isa = PBXBuildFile; fileRef = E46AAD11176E5C210031EDD6 /* TCSpecificDaysSchedule.m */; };
		E4C6847117602AA300DD8763 /* UIKit.framework in Frameworks */ = {isa = PBXBuildFile; fileRef = E4C6847017602AA300DD8763 /* UIKit.framework */; };
		E4C6847317602AA300DD8763 /* Foundation.framework in Frameworks */ = {isa = PBXBuildFile; fileRef = E4C6847217602AA300DD8763 /* Foundation.framework */; };
		E4C6847517602AA300DD8763 /* CoreGraphics.framework in Frameworks */ = {isa = PBXBuildFile; fileRef = E4C6847417602AA300DD8763 /* CoreGraphics.framework */; };
		E4C6847717602AA300DD8763 /* CoreData.framework in Frameworks */ = {isa = PBXBuildFile; fileRef = E4C6847617602AA300DD8763 /* CoreData.framework */; };
		E4C6847D17602AA300DD8763 /* InfoPlist.strings in Resources */ = {isa = PBXBuildFile; fileRef = E4C6847B17602AA300DD8763 /* InfoPlist.strings */; };
		E4C6847F17602AA300DD8763 /* main.m in Sources */ = {isa = PBXBuildFile; fileRef = E4C6847E17602AA300DD8763 /* main.m */; };
		E4C6848317602AA300DD8763 /* TCAppDelegate.m in Sources */ = {isa = PBXBuildFile; fileRef = E4C6848217602AA300DD8763 /* TCAppDelegate.m */; };
		E4C6848517602AA300DD8763 /* Default.png in Resources */ = {isa = PBXBuildFile; fileRef = E4C6848417602AA300DD8763 /* Default.png */; };
		E4C6848717602AA300DD8763 /* Default@2x.png in Resources */ = {isa = PBXBuildFile; fileRef = E4C6848617602AA300DD8763 /* Default@2x.png */; };
		E4C6848917602AA300DD8763 /* Default-568h@2x.png in Resources */ = {isa = PBXBuildFile; fileRef = E4C6848817602AA300DD8763 /* Default-568h@2x.png */; };
		E4C6848C17602AA300DD8763 /* LifePlanner.xcdatamodeld in Sources */ = {isa = PBXBuildFile; fileRef = E4C6848A17602AA300DD8763 /* LifePlanner.xcdatamodeld */; };
		E4C6849417602AA300DD8763 /* SenTestingKit.framework in Frameworks */ = {isa = PBXBuildFile; fileRef = E4C6849317602AA300DD8763 /* SenTestingKit.framework */; };
		E4C6849517602AA300DD8763 /* UIKit.framework in Frameworks */ = {isa = PBXBuildFile; fileRef = E4C6847017602AA300DD8763 /* UIKit.framework */; };
		E4C6849617602AA300DD8763 /* Foundation.framework in Frameworks */ = {isa = PBXBuildFile; fileRef = E4C6847217602AA300DD8763 /* Foundation.framework */; };
		E4C6849717602AA300DD8763 /* CoreData.framework in Frameworks */ = {isa = PBXBuildFile; fileRef = E4C6847617602AA300DD8763 /* CoreData.framework */; };
		E4C6849F17602AA300DD8763 /* InfoPlist.strings in Resources */ = {isa = PBXBuildFile; fileRef = E4C6849D17602AA300DD8763 /* InfoPlist.strings */; };
		E4CA9F561767A37600ED6308 /* Media.xcassets in Resources */ = {isa = PBXBuildFile; fileRef = E4CA9F551767A37600ED6308 /* Media.xcassets */; };
/* End PBXBuildFile section */

/* Begin PBXContainerItemProxy section */
		E4C6849817602AA300DD8763 /* PBXContainerItemProxy */ = {
			isa = PBXContainerItemProxy;
			containerPortal = E4C6846517602AA300DD8763 /* Project object */;
			proxyType = 1;
			remoteGlobalIDString = E4C6846C17602AA300DD8763;
			remoteInfo = LifePlanner;
		};
/* End PBXContainerItemProxy section */

/* Begin PBXFileReference section */
		1A7C7879AEEC45A39F8AA856 /* libPods-LifePlannerUnitTests.a */ = {isa = PBXFileReference; explicitFileType = archive.ar; includeInIndex = 0; path = "libPods-LifePlannerUnitTests.a"; sourceTree = BUILT_PRODUCTS_DIR; };
		1E75DF2EB23A4602ADBCD4D7 /* libPods-LifePlannerTests.a */ = {isa = PBXFileReference; explicitFileType = archive.ar; includeInIndex = 0; path = "libPods-LifePlannerTests.a"; sourceTree = BUILT_PRODUCTS_DIR; };
		3B20F344AC46430E99E02AE3 /* libPods.a */ = {isa = PBXFileReference; explicitFileType = archive.ar; includeInIndex = 0; path = libPods.a; sourceTree = BUILT_PRODUCTS_DIR; };
		3E481DE331F4457C80D9F126 /* Pods-LifePlannerTests.xcconfig */ = {isa = PBXFileReference; includeInIndex = 1; lastKnownFileType = text.xcconfig; name = "Pods-LifePlannerTests.xcconfig"; path = "Pods/Pods-LifePlannerTests.xcconfig"; sourceTree = SOURCE_ROOT; };
		3F95091C7C18432287DEF0C4 /* Pods.xcconfig */ = {isa = PBXFileReference; includeInIndex = 1; lastKnownFileType = text.xcconfig; name = Pods.xcconfig; path = Pods/Pods.xcconfig; sourceTree = SOURCE_ROOT; };
		53623815443046E98992E145 /* Pods-LifePlannerUnitTests.xcconfig */ = {isa = PBXFileReference; includeInIndex = 1; lastKnownFileType = text.xcconfig; name = "Pods-LifePlannerUnitTests.xcconfig"; path = "Pods/Pods-LifePlannerUnitTests.xcconfig"; sourceTree = SOURCE_ROOT; };
		E426050F1762682500D2F557 /* TCCoreDataStore.h */ = {isa = PBXFileReference; fileEncoding = 4; lastKnownFileType = sourcecode.c.h; name = TCCoreDataStore.h; path = Application/Controllers/TCCoreDataStore.h; sourceTree = "<group>"; };
		E42605101762682500D2F557 /* TCCoreDataStore.m */ = {isa = PBXFileReference; fileEncoding = 4; lastKnownFileType = sourcecode.c.objc; name = TCCoreDataStore.m; path = Application/Controllers/TCCoreDataStore.m; sourceTree = "<group>"; };
		E42605701764E62100D2F557 /* NSFileManager+AppLibrary.h */ = {isa = PBXFileReference; fileEncoding = 4; lastKnownFileType = sourcecode.c.h; name = "NSFileManager+AppLibrary.h"; path = "Application/Categories/NSFileManager+AppLibrary.h"; sourceTree = "<group>"; };
		E42605711764E62100D2F557 /* NSFileManager+AppLibrary.m */ = {isa = PBXFileReference; fileEncoding = 4; lastKnownFileType = sourcecode.c.objc; name = "NSFileManager+AppLibrary.m"; path = "Application/Categories/NSFileManager+AppLibrary.m"; sourceTree = "<group>"; };
		E42605741764E77400D2F557 /* TCNode.h */ = {isa = PBXFileReference; fileEncoding = 4; lastKnownFileType = sourcecode.c.h; name = TCNode.h; path = Application/Models/TCNode.h; sourceTree = "<group>"; };
		E42605751764E77400D2F557 /* TCNode.m */ = {isa = PBXFileReference; fileEncoding = 4; lastKnownFileType = sourcecode.c.objc; name = TCNode.m; path = Application/Models/TCNode.m; sourceTree = "<group>"; };
		E42605771764E79300D2F557 /* TCHabit.h */ = {isa = PBXFileReference; fileEncoding = 4; lastKnownFileType = sourcecode.c.h; name = TCHabit.h; path = Application/Models/TCHabit.h; sourceTree = "<group>"; };
		E42605781764E79300D2F557 /* TCHabit.m */ = {isa = PBXFileReference; fileEncoding = 4; lastKnownFileType = sourcecode.c.objc; name = TCHabit.m; path = Application/Models/TCHabit.m; sourceTree = "<group>"; };
		E426057A1764E7C800D2F557 /* TCHabitTask.h */ = {isa = PBXFileReference; fileEncoding = 4; lastKnownFileType = sourcecode.c.h; name = TCHabitTask.h; path = Application/Models/TCHabitTask.h; sourceTree = "<group>"; };
		E426057B1764E7C800D2F557 /* TCHabitTask.m */ = {isa = PBXFileReference; fileEncoding = 4; lastKnownFileType = sourcecode.c.objc; name = TCHabitTask.m; path = Application/Models/TCHabitTask.m; sourceTree = "<group>"; };
		E426057D1764E7F600D2F557 /* TCTask.h */ = {isa = PBXFileReference; fileEncoding = 4; lastKnownFileType = sourcecode.c.h; name = TCTask.h; path = Application/Models/TCTask.h; sourceTree = "<group>"; };
		E426057E1764E7F600D2F557 /* TCTask.m */ = {isa = PBXFileReference; fileEncoding = 4; lastKnownFileType = sourcecode.c.objc; name = TCTask.m; path = Application/Models/TCTask.m; sourceTree = "<group>"; };
		E42605801764E80B00D2F557 /* TCTaskValidation.h */ = {isa = PBXFileReference; fileEncoding = 4; lastKnownFileType = sourcecode.c.h; name = TCTaskValidation.h; path = Application/Models/TCTaskValidation.h; sourceTree = "<group>"; };
		E42605811764E80B00D2F557 /* TCTaskValidation.m */ = {isa = PBXFileReference; fileEncoding = 4; lastKnownFileType = sourcecode.c.objc; name = TCTaskValidation.m; path = Application/Models/TCTaskValidation.m; sourceTree = "<group>"; };
		E42605861764EC5700D2F557 /* NSManagedObject+ObjectCreation.h */ = {isa = PBXFileReference; fileEncoding = 4; lastKnownFileType = sourcecode.c.h; name = "NSManagedObject+ObjectCreation.h"; path = "Application/Categories/NSManagedObject+ObjectCreation.h"; sourceTree = "<group>"; };
		E42605871764EC5700D2F557 /* NSManagedObject+ObjectCreation.m */ = {isa = PBXFileReference; fileEncoding = 4; lastKnownFileType = sourcecode.c.objc; name = "NSManagedObject+ObjectCreation.m"; path = "Application/Categories/NSManagedObject+ObjectCreation.m"; sourceTree = "<group>"; };
		E426058A1765007900D2F557 /* TCGraphView.h */ = {isa = PBXFileReference; fileEncoding = 4; lastKnownFileType = sourcecode.c.h; name = TCGraphView.h; path = Application/Views/TCGraphView.h; sourceTree = "<group>"; };
		E426058B1765007900D2F557 /* TCGraphView.m */ = {isa = PBXFileReference; fileEncoding = 4; lastKnownFileType = sourcecode.c.objc; name = TCGraphView.m; path = Application/Views/TCGraphView.m; sourceTree = "<group>"; };
		E426058D1765050900D2F557 /* TCGraph.h */ = {isa = PBXFileReference; fileEncoding = 4; lastKnownFileType = sourcecode.c.h; name = TCGraph.h; path = Application/Models/TCGraph.h; sourceTree = "<group>"; };
		E426058E1765050A00D2F557 /* TCGraph.m */ = {isa = PBXFileReference; fileEncoding = 4; lastKnownFileType = sourcecode.c.objc; name = TCGraph.m; path = Application/Models/TCGraph.m; sourceTree = "<group>"; };
		E4280607176F784900B498E5 /* TCSpecificDaysScheduleSpec.m */ = {isa = PBXFileReference; fileEncoding = 4; lastKnownFileType = sourcecode.c.objc; path = TCSpecificDaysScheduleSpec.m; sourceTree = "<group>"; };
		E428060D176F7B0100B498E5 /* XCTest.framework */ = {isa = PBXFileReference; lastKnownFileType = wrapper.framework; name = XCTest.framework; path = Library/Frameworks/XCTest.framework; sourceTree = DEVELOPER_DIR; };
		E46AAD0D176E59B40031EDD6 /* TCSchedule.h */ = {isa = PBXFileReference; fileEncoding = 4; lastKnownFileType = sourcecode.c.h; name = TCSchedule.h; path = Application/Models/TCSchedule.h; sourceTree = "<group>"; };
		E46AAD0E176E59B40031EDD6 /* TCSchedule.m */ = {isa = PBXFileReference; fileEncoding = 4; lastKnownFileType = sourcecode.c.objc; name = TCSchedule.m; path = Application/Models/TCSchedule.m; sourceTree = "<group>"; };
		E46AAD10176E5C210031EDD6 /* TCSpecificDaysSchedule.h */ = {isa = PBXFileReference; fileEncoding = 4; lastKnownFileType = sourcecode.c.h; name = TCSpecificDaysSchedule.h; path = Application/Models/TCSpecificDaysSchedule.h; sourceTree = "<group>"; };
		E46AAD11176E5C210031EDD6 /* TCSpecificDaysSchedule.m */ = {isa = PBXFileReference; fileEncoding = 4; lastKnownFileType = sourcecode.c.objc; name = TCSpecificDaysSchedule.m; path = Application/Models/TCSpecificDaysSchedule.m; sourceTree = "<group>"; };
		E4C6846D17602AA300DD8763 /* LifePlanner.app */ = {isa = PBXFileReference; explicitFileType = wrapper.application; includeInIndex = 0; path = LifePlanner.app; sourceTree = BUILT_PRODUCTS_DIR; };
		E4C6847017602AA300DD8763 /* UIKit.framework */ = {isa = PBXFileReference; lastKnownFileType = wrapper.framework; name = UIKit.framework; path = System/Library/Frameworks/UIKit.framework; sourceTree = SDKROOT; };
		E4C6847217602AA300DD8763 /* Foundation.framework */ = {isa = PBXFileReference; lastKnownFileType = wrapper.framework; name = Foundation.framework; path = System/Library/Frameworks/Foundation.framework; sourceTree = SDKROOT; };
		E4C6847417602AA300DD8763 /* CoreGraphics.framework */ = {isa = PBXFileReference; lastKnownFileType = wrapper.framework; name = CoreGraphics.framework; path = System/Library/Frameworks/CoreGraphics.framework; sourceTree = SDKROOT; };
		E4C6847617602AA300DD8763 /* CoreData.framework */ = {isa = PBXFileReference; lastKnownFileType = wrapper.framework; name = CoreData.framework; path = System/Library/Frameworks/CoreData.framework; sourceTree = SDKROOT; };
		E4C6847A17602AA300DD8763 /* LifePlanner-Info.plist */ = {isa = PBXFileReference; lastKnownFileType = text.plist.xml; path = "LifePlanner-Info.plist"; sourceTree = "<group>"; };
		E4C6847C17602AA300DD8763 /* en */ = {isa = PBXFileReference; lastKnownFileType = text.plist.strings; name = en; path = en.lproj/InfoPlist.strings; sourceTree = "<group>"; };
		E4C6847E17602AA300DD8763 /* main.m */ = {isa = PBXFileReference; lastKnownFileType = sourcecode.c.objc; path = main.m; sourceTree = "<group>"; };
		E4C6848017602AA300DD8763 /* LifePlanner-Prefix.pch */ = {isa = PBXFileReference; lastKnownFileType = sourcecode.c.h; path = "LifePlanner-Prefix.pch"; sourceTree = "<group>"; };
		E4C6848117602AA300DD8763 /* TCAppDelegate.h */ = {isa = PBXFileReference; lastKnownFileType = sourcecode.c.h; path = TCAppDelegate.h; sourceTree = "<group>"; };
		E4C6848217602AA300DD8763 /* TCAppDelegate.m */ = {isa = PBXFileReference; lastKnownFileType = sourcecode.c.objc; path = TCAppDelegate.m; sourceTree = "<group>"; };
		E4C6848417602AA300DD8763 /* Default.png */ = {isa = PBXFileReference; lastKnownFileType = image.png; path = Default.png; sourceTree = "<group>"; };
		E4C6848617602AA300DD8763 /* Default@2x.png */ = {isa = PBXFileReference; lastKnownFileType = image.png; path = "Default@2x.png"; sourceTree = "<group>"; };
		E4C6848817602AA300DD8763 /* Default-568h@2x.png */ = {isa = PBXFileReference; lastKnownFileType = image.png; path = "Default-568h@2x.png"; sourceTree = "<group>"; };
		E4C6848B17602AA300DD8763 /* LifePlanner.xcdatamodel */ = {isa = PBXFileReference; lastKnownFileType = wrapper.xcdatamodel; path = LifePlanner.xcdatamodel; sourceTree = "<group>"; };
		E4C6849217602AA300DD8763 /* LifePlannerTests.octest */ = {isa = PBXFileReference; explicitFileType = wrapper.cfbundle; includeInIndex = 0; path = LifePlannerTests.octest; sourceTree = BUILT_PRODUCTS_DIR; };
		E4C6849317602AA300DD8763 /* SenTestingKit.framework */ = {isa = PBXFileReference; lastKnownFileType = wrapper.framework; name = SenTestingKit.framework; path = Library/Frameworks/SenTestingKit.framework; sourceTree = DEVELOPER_DIR; };
		E4C6849C17602AA300DD8763 /* LifePlannerTests-Info.plist */ = {isa = PBXFileReference; lastKnownFileType = text.plist.xml; path = "LifePlannerTests-Info.plist"; sourceTree = "<group>"; };
		E4C6849E17602AA300DD8763 /* en */ = {isa = PBXFileReference; lastKnownFileType = text.plist.strings; name = en; path = en.lproj/InfoPlist.strings; sourceTree = "<group>"; };
		E4C684BE17602B1C00DD8763 /* LifePlanner copy-Info.plist */ = {isa = PBXFileReference; lastKnownFileType = text.plist.xml; name = "LifePlanner copy-Info.plist"; path = "/Users/theo/dev/LifePlanner/LifePlanner copy-Info.plist"; sourceTree = "<absolute>"; };
		E4CA9F551767A37600ED6308 /* Media.xcassets */ = {isa = PBXFileReference; lastKnownFileType = folder.assetcatalog; name = Media.xcassets; path = LifePlanner/Media.xcassets; sourceTree = "<group>"; };
		E4CA9F571767A39500ED6308 /* SpriteKit.framework */ = {isa = PBXFileReference; lastKnownFileType = wrapper.framework; name = SpriteKit.framework; path = System/Library/Frameworks/SpriteKit.framework; sourceTree = SDKROOT; };
/* End PBXFileReference section */

/* Begin PBXFrameworksBuildPhase section */
		E4C6846A17602AA300DD8763 /* Frameworks */ = {
			isa = PBXFrameworksBuildPhase;
			buildActionMask = 2147483647;
			files = (
				E4C6847117602AA300DD8763 /* UIKit.framework in Frameworks */,
				E4C6847317602AA300DD8763 /* Foundation.framework in Frameworks */,
				E4C6847517602AA300DD8763 /* CoreGraphics.framework in Frameworks */,
				E4C6847717602AA300DD8763 /* CoreData.framework in Frameworks */,
				B31AA1D5E89941F9B8D423ED /* libPods.a in Frameworks */,
			);
			runOnlyForDeploymentPostprocessing = 0;
		};
		E4C6848E17602AA300DD8763 /* Frameworks */ = {
			isa = PBXFrameworksBuildPhase;
			buildActionMask = 2147483647;
			files = (
				E428060E176F7B0100B498E5 /* XCTest.framework in Frameworks */,
				E4C6849417602AA300DD8763 /* SenTestingKit.framework in Frameworks */,
				E4C6849517602AA300DD8763 /* UIKit.framework in Frameworks */,
				E4C6849617602AA300DD8763 /* Foundation.framework in Frameworks */,
				E4C6849717602AA300DD8763 /* CoreData.framework in Frameworks */,
				06EAF0C3959D410D85B832FD /* libPods-LifePlannerTests.a in Frameworks */,
			);
			runOnlyForDeploymentPostprocessing = 0;
		};
/* End PBXFrameworksBuildPhase section */

/* Begin PBXGroup section */
		E42605121762682A00D2F557 /* Application */ = {
			isa = PBXGroup;
			children = (
				E42605891765002700D2F557 /* Views */,
				E42605731764E73D00D2F557 /* Models */,
				E426056F1764E5E600D2F557 /* Categories */,
				E42605131762683500D2F557 /* Controllers */,
			);
			name = Application;
			sourceTree = "<group>";
		};
		E42605131762683500D2F557 /* Controllers */ = {
			isa = PBXGroup;
			children = (
				E426050F1762682500D2F557 /* TCCoreDataStore.h */,
				E42605101762682500D2F557 /* TCCoreDataStore.m */,
			);
			name = Controllers;
			sourceTree = "<group>";
		};
		E426056F1764E5E600D2F557 /* Categories */ = {
			isa = PBXGroup;
			children = (
				E42605701764E62100D2F557 /* NSFileManager+AppLibrary.h */,
				E42605711764E62100D2F557 /* NSFileManager+AppLibrary.m */,
				E42605861764EC5700D2F557 /* NSManagedObject+ObjectCreation.h */,
				E42605871764EC5700D2F557 /* NSManagedObject+ObjectCreation.m */,
			);
			name = Categories;
			sourceTree = "<group>";
		};
		E42605731764E73D00D2F557 /* Models */ = {
			isa = PBXGroup;
			children = (
				E426058D1765050900D2F557 /* TCGraph.h */,
				E426058E1765050A00D2F557 /* TCGraph.m */,
				E42605801764E80B00D2F557 /* TCTaskValidation.h */,
				E42605811764E80B00D2F557 /* TCTaskValidation.m */,
				E426057D1764E7F600D2F557 /* TCTask.h */,
				E426057E1764E7F600D2F557 /* TCTask.m */,
				E426057A1764E7C800D2F557 /* TCHabitTask.h */,
				E426057B1764E7C800D2F557 /* TCHabitTask.m */,
				E42605771764E79300D2F557 /* TCHabit.h */,
				E42605781764E79300D2F557 /* TCHabit.m */,
				E42605741764E77400D2F557 /* TCNode.h */,
				E42605751764E77400D2F557 /* TCNode.m */,
				E46AAD0D176E59B40031EDD6 /* TCSchedule.h */,
				E46AAD0E176E59B40031EDD6 /* TCSchedule.m */,
				E46AAD10176E5C210031EDD6 /* TCSpecificDaysSchedule.h */,
				E46AAD11176E5C210031EDD6 /* TCSpecificDaysSchedule.m */,
			);
			name = Models;
			sourceTree = "<group>";
		};
		E42605891765002700D2F557 /* Views */ = {
			isa = PBXGroup;
			children = (
				E426058A1765007900D2F557 /* TCGraphView.h */,
				E426058B1765007900D2F557 /* TCGraphView.m */,
			);
			name = Views;
			sourceTree = "<group>";
		};
		E4C6846417602AA300DD8763 = {
			isa = PBXGroup;
			children = (
				E4CA9F551767A37600ED6308 /* Media.xcassets */,
				E4C6847817602AA300DD8763 /* LifePlanner */,
				E4C6849A17602AA300DD8763 /* LifePlannerTests */,
				E4C6846F17602AA300DD8763 /* Frameworks */,
				E4C6846E17602AA300DD8763 /* Products */,
				E4C684BE17602B1C00DD8763 /* LifePlanner copy-Info.plist */,
				3F95091C7C18432287DEF0C4 /* Pods.xcconfig */,
				3E481DE331F4457C80D9F126 /* Pods-LifePlannerTests.xcconfig */,
				53623815443046E98992E145 /* Pods-LifePlannerUnitTests.xcconfig */,
			);
			sourceTree = "<group>";
		};
		E4C6846E17602AA300DD8763 /* Products */ = {
			isa = PBXGroup;
			children = (
				E4C6846D17602AA300DD8763 /* LifePlanner.app */,
				E4C6849217602AA300DD8763 /* LifePlannerTests.octest */,
			);
			name = Products;
			sourceTree = "<group>";
		};
		E4C6846F17602AA300DD8763 /* Frameworks */ = {
			isa = PBXGroup;
			children = (
				E428060D176F7B0100B498E5 /* XCTest.framework */,
				E4CA9F571767A39500ED6308 /* SpriteKit.framework */,
				E4C6847017602AA300DD8763 /* UIKit.framework */,
				E4C6847217602AA300DD8763 /* Foundation.framework */,
				E4C6847417602AA300DD8763 /* CoreGraphics.framework */,
				E4C6847617602AA300DD8763 /* CoreData.framework */,
				E4C6849317602AA300DD8763 /* SenTestingKit.framework */,
				3B20F344AC46430E99E02AE3 /* libPods.a */,
				1E75DF2EB23A4602ADBCD4D7 /* libPods-LifePlannerTests.a */,
				1A7C7879AEEC45A39F8AA856 /* libPods-LifePlannerUnitTests.a */,
			);
			name = Frameworks;
			sourceTree = "<group>";
		};
		E4C6847817602AA300DD8763 /* LifePlanner */ = {
			isa = PBXGroup;
			children = (
				E4C6848117602AA300DD8763 /* TCAppDelegate.h */,
				E4C6848217602AA300DD8763 /* TCAppDelegate.m */,
				E4C6848A17602AA300DD8763 /* LifePlanner.xcdatamodeld */,
				E4C6847917602AA300DD8763 /* Supporting Files */,
				E42605121762682A00D2F557 /* Application */,
			);
			path = LifePlanner;
			sourceTree = "<group>";
		};
		E4C6847917602AA300DD8763 /* Supporting Files */ = {
			isa = PBXGroup;
			children = (
				E4C6847A17602AA300DD8763 /* LifePlanner-Info.plist */,
				E4C6847B17602AA300DD8763 /* InfoPlist.strings */,
				E4C6847E17602AA300DD8763 /* main.m */,
				E4C6848017602AA300DD8763 /* LifePlanner-Prefix.pch */,
				E4C6848417602AA300DD8763 /* Default.png */,
				E4C6848617602AA300DD8763 /* Default@2x.png */,
				E4C6848817602AA300DD8763 /* Default-568h@2x.png */,
			);
			name = "Supporting Files";
			sourceTree = "<group>";
		};
		E4C6849A17602AA300DD8763 /* LifePlannerTests */ = {
			isa = PBXGroup;
			children = (
				E4C6849B17602AA300DD8763 /* Supporting Files */,
				E4280607176F784900B498E5 /* TCSpecificDaysScheduleSpec.m */,
			);
			path = LifePlannerTests;
			sourceTree = "<group>";
		};
		E4C6849B17602AA300DD8763 /* Supporting Files */ = {
			isa = PBXGroup;
			children = (
				E4C6849C17602AA300DD8763 /* LifePlannerTests-Info.plist */,
				E4C6849D17602AA300DD8763 /* InfoPlist.strings */,
			);
			name = "Supporting Files";
			sourceTree = "<group>";
		};
/* End PBXGroup section */

/* Begin PBXNativeTarget section */
		E4C6846C17602AA300DD8763 /* LifePlanner */ = {
			isa = PBXNativeTarget;
			buildConfigurationList = E4C684A517602AA300DD8763 /* Build configuration list for PBXNativeTarget "LifePlanner" */;
			buildPhases = (
				A71D9CA416DE45638DE3A482 /* Check Pods Manifest.lock */,
				E4C6846917602AA300DD8763 /* Sources */,
				E4C6846A17602AA300DD8763 /* Frameworks */,
				E4C6846B17602AA300DD8763 /* Resources */,
				EDAB50A7762044A48D37D5C1 /* Copy Pods Resources */,
			);
			buildRules = (
			);
			dependencies = (
			);
			name = LifePlanner;
			productName = LifePlanner;
			productReference = E4C6846D17602AA300DD8763 /* LifePlanner.app */;
			productType = "com.apple.product-type.application";
		};
		E4C6849117602AA300DD8763 /* LifePlannerTests */ = {
			isa = PBXNativeTarget;
			buildConfigurationList = E4C684A817602AA300DD8763 /* Build configuration list for PBXNativeTarget "LifePlannerTests" */;
			buildPhases = (
				B8D5344F948449BCA1B68688 /* Check Pods Manifest.lock */,
				E4C6848D17602AA300DD8763 /* Sources */,
				E4C6848E17602AA300DD8763 /* Frameworks */,
				E4C6848F17602AA300DD8763 /* Resources */,
				E4C6849017602AA300DD8763 /* ShellScript */,
				A368A828AF674034A73B3AF9 /* Copy Pods Resources */,
			);
			buildRules = (
			);
			dependencies = (
				E4C6849917602AA300DD8763 /* PBXTargetDependency */,
			);
			name = LifePlannerTests;
			productName = LifePlannerTests;
			productReference = E4C6849217602AA300DD8763 /* LifePlannerTests.octest */;
			productType = "com.apple.product-type.bundle";
		};
/* End PBXNativeTarget section */

/* Begin PBXProject section */
		E4C6846517602AA300DD8763 /* Project object */ = {
			isa = PBXProject;
			attributes = {
				CLASSPREFIX = TC;
				LastUpgradeCheck = 0460;
				ORGANIZATIONNAME = theo;
			};
			buildConfigurationList = E4C6846817602AA300DD8763 /* Build configuration list for PBXProject "LifePlanner" */;
			compatibilityVersion = "Xcode 3.2";
			developmentRegion = English;
			hasScannedForEncodings = 0;
			knownRegions = (
				en,
			);
			mainGroup = E4C6846417602AA300DD8763;
			productRefGroup = E4C6846E17602AA300DD8763 /* Products */;
			projectDirPath = "";
			projectRoot = "";
			targets = (
				E4C6846C17602AA300DD8763 /* LifePlanner */,
				E4C6849117602AA300DD8763 /* LifePlannerTests */,
			);
		};
/* End PBXProject section */

/* Begin PBXResourcesBuildPhase section */
		E4C6846B17602AA300DD8763 /* Resources */ = {
			isa = PBXResourcesBuildPhase;
			buildActionMask = 2147483647;
			files = (
				E4CA9F561767A37600ED6308 /* Media.xcassets in Resources */,
				E4C6847D17602AA300DD8763 /* InfoPlist.strings in Resources */,
				E4C6848517602AA300DD8763 /* Default.png in Resources */,
				E4C6848717602AA300DD8763 /* Default@2x.png in Resources */,
				E4C6848917602AA300DD8763 /* Default-568h@2x.png in Resources */,
			);
			runOnlyForDeploymentPostprocessing = 0;
		};
		E4C6848F17602AA300DD8763 /* Resources */ = {
			isa = PBXResourcesBuildPhase;
			buildActionMask = 2147483647;
			files = (
				E4C6849F17602AA300DD8763 /* InfoPlist.strings in Resources */,
			);
			runOnlyForDeploymentPostprocessing = 0;
		};
/* End PBXResourcesBuildPhase section */

/* Begin PBXShellScriptBuildPhase section */
		A368A828AF674034A73B3AF9 /* Copy Pods Resources */ = {
			isa = PBXShellScriptBuildPhase;
			buildActionMask = 2147483647;
			files = (
			);
			inputPaths = (
			);
			name = "Copy Pods Resources";
			outputPaths = (
			);
			runOnlyForDeploymentPostprocessing = 0;
			shellPath = /bin/sh;
			shellScript = "\"${SRCROOT}/Pods/Pods-LifePlannerTests-resources.sh\"\n";
		};
		A71D9CA416DE45638DE3A482 /* Check Pods Manifest.lock */ = {
			isa = PBXShellScriptBuildPhase;
			buildActionMask = 2147483647;
			files = (
			);
			inputPaths = (
			);
			name = "Check Pods Manifest.lock";
			outputPaths = (
			);
			runOnlyForDeploymentPostprocessing = 0;
			shellPath = /bin/sh;
			shellScript = "diff \"${PODS_ROOT}/../Podfile.lock\" \"${PODS_ROOT}/Manifest.lock\" > /dev/null\nif [[ $? != 0 ]] ; then\n    cat << EOM\nerror: The sandbox is not in sync with the Podfile.lock. Run 'pod install' or update your CocoaPods installation.\nEOM\n    exit 1\nfi\n";
		};
		B8D5344F948449BCA1B68688 /* Check Pods Manifest.lock */ = {
			isa = PBXShellScriptBuildPhase;
			buildActionMask = 2147483647;
			files = (
			);
			inputPaths = (
			);
			name = "Check Pods Manifest.lock";
			outputPaths = (
			);
			runOnlyForDeploymentPostprocessing = 0;
			shellPath = /bin/sh;
			shellScript = "diff \"${PODS_ROOT}/../Podfile.lock\" \"${PODS_ROOT}/Manifest.lock\" > /dev/null\nif [[ $? != 0 ]] ; then\n    cat << EOM\nerror: The sandbox is not in sync with the Podfile.lock. Run 'pod install' or update your CocoaPods installation.\nEOM\n    exit 1\nfi\n";
		};
		E4C6849017602AA300DD8763 /* ShellScript */ = {
			isa = PBXShellScriptBuildPhase;
			buildActionMask = 2147483647;
			files = (
			);
			inputPaths = (
			);
			outputPaths = (
			);
			runOnlyForDeploymentPostprocessing = 0;
			shellPath = /bin/sh;
			shellScript = "# Run the unit tests in this test bundle.\n\"${SYSTEM_DEVELOPER_DIR}/Tools/RunUnitTests\"\n";
		};
		EDAB50A7762044A48D37D5C1 /* Copy Pods Resources */ = {
			isa = PBXShellScriptBuildPhase;
			buildActionMask = 2147483647;
			files = (
			);
			inputPaths = (
			);
			name = "Copy Pods Resources";
			outputPaths = (
			);
			runOnlyForDeploymentPostprocessing = 0;
			shellPath = /bin/sh;
			shellScript = "\"${SRCROOT}/Pods/Pods-resources.sh\"\n";
		};
/* End PBXShellScriptBuildPhase section */

/* Begin PBXSourcesBuildPhase section */
		E4C6846917602AA300DD8763 /* Sources */ = {
			isa = PBXSourcesBuildPhase;
			buildActionMask = 2147483647;
			files = (
				E4C6847F17602AA300DD8763 /* main.m in Sources */,
				E46AAD12176E5C210031EDD6 /* TCSpecificDaysSchedule.m in Sources */,
				E4C6848317602AA300DD8763 /* TCAppDelegate.m in Sources */,
				E4C6848C17602AA300DD8763 /* LifePlanner.xcdatamodeld in Sources */,
				E42605111762682500D2F557 /* TCCoreDataStore.m in Sources */,
				E42605721764E62100D2F557 /* NSFileManager+AppLibrary.m in Sources */,
				E42605761764E77400D2F557 /* TCNode.m in Sources */,
				E42605791764E79300D2F557 /* TCHabit.m in Sources */,
				E426057C1764E7C900D2F557 /* TCHabitTask.m in Sources */,
				E426057F1764E7F600D2F557 /* TCTask.m in Sources */,
				E42605821764E80C00D2F557 /* TCTaskValidation.m in Sources */,
				E42605881764EC5700D2F557 /* NSManagedObject+ObjectCreation.m in Sources */,
				E46AAD0F176E59B40031EDD6 /* TCSchedule.m in Sources */,
				E426058C1765007900D2F557 /* TCGraphView.m in Sources */,
				E426058F1765050B00D2F557 /* TCGraph.m in Sources */,
			);
			runOnlyForDeploymentPostprocessing = 0;
		};
		E4C6848D17602AA300DD8763 /* Sources */ = {
			isa = PBXSourcesBuildPhase;
			buildActionMask = 2147483647;
			files = (
				E4280609176F784900B498E5 /* TCSpecificDaysScheduleSpec.m in Sources */,
			);
			runOnlyForDeploymentPostprocessing = 0;
		};
/* End PBXSourcesBuildPhase section */

/* Begin PBXTargetDependency section */
		E4C6849917602AA300DD8763 /* PBXTargetDependency */ = {
			isa = PBXTargetDependency;
			target = E4C6846C17602AA300DD8763 /* LifePlanner */;
			targetProxy = E4C6849817602AA300DD8763 /* PBXContainerItemProxy */;
		};
/* End PBXTargetDependency section */

/* Begin PBXVariantGroup section */
		E4C6847B17602AA300DD8763 /* InfoPlist.strings */ = {
			isa = PBXVariantGroup;
			children = (
				E4C6847C17602AA300DD8763 /* en */,
			);
			name = InfoPlist.strings;
			sourceTree = "<group>";
		};
		E4C6849D17602AA300DD8763 /* InfoPlist.strings */ = {
			isa = PBXVariantGroup;
			children = (
				E4C6849E17602AA300DD8763 /* en */,
			);
			name = InfoPlist.strings;
			sourceTree = "<group>";
		};
/* End PBXVariantGroup section */

/* Begin XCBuildConfiguration section */
		E4C684A317602AA300DD8763 /* Debug */ = {
			isa = XCBuildConfiguration;
			buildSettings = {
				ALWAYS_SEARCH_USER_PATHS = NO;
				CLANG_CXX_LANGUAGE_STANDARD = "gnu++0x";
				CLANG_CXX_LIBRARY = "libc++";
				CLANG_ENABLE_OBJC_ARC = YES;
				CLANG_WARN_CONSTANT_CONVERSION = YES;
				CLANG_WARN_EMPTY_BODY = YES;
				CLANG_WARN_ENUM_CONVERSION = YES;
				CLANG_WARN_INT_CONVERSION = YES;
				CLANG_WARN__DUPLICATE_METHOD_MATCH = YES;
				"CODE_SIGN_IDENTITY[sdk=iphoneos*]" = "iPhone Developer";
				COPY_PHASE_STRIP = NO;
				GCC_C_LANGUAGE_STANDARD = gnu99;
				GCC_DYNAMIC_NO_PIC = NO;
				GCC_OPTIMIZATION_LEVEL = 0;
				GCC_PREPROCESSOR_DEFINITIONS = (
					"DEBUG=1",
					"$(inherited)",
				);
				GCC_SYMBOLS_PRIVATE_EXTERN = NO;
				GCC_WARN_ABOUT_RETURN_TYPE = YES;
				GCC_WARN_UNINITIALIZED_AUTOS = YES;
				GCC_WARN_UNUSED_VARIABLE = YES;
				IPHONEOS_DEPLOYMENT_TARGET = 6.1;
				ONLY_ACTIVE_ARCH = YES;
				SDKROOT = iphoneos;
			};
			name = Debug;
		};
		E4C684A417602AA300DD8763 /* Release */ = {
			isa = XCBuildConfiguration;
			buildSettings = {
				ALWAYS_SEARCH_USER_PATHS = NO;
				CLANG_CXX_LANGUAGE_STANDARD = "gnu++0x";
				CLANG_CXX_LIBRARY = "libc++";
				CLANG_ENABLE_OBJC_ARC = YES;
				CLANG_WARN_CONSTANT_CONVERSION = YES;
				CLANG_WARN_EMPTY_BODY = YES;
				CLANG_WARN_ENUM_CONVERSION = YES;
				CLANG_WARN_INT_CONVERSION = YES;
				CLANG_WARN__DUPLICATE_METHOD_MATCH = YES;
				"CODE_SIGN_IDENTITY[sdk=iphoneos*]" = "iPhone Developer";
				COPY_PHASE_STRIP = YES;
				GCC_C_LANGUAGE_STANDARD = gnu99;
				GCC_WARN_ABOUT_RETURN_TYPE = YES;
				GCC_WARN_UNINITIALIZED_AUTOS = YES;
				GCC_WARN_UNUSED_VARIABLE = YES;
				IPHONEOS_DEPLOYMENT_TARGET = 6.1;
				OTHER_CFLAGS = "-DNS_BLOCK_ASSERTIONS=1";
				SDKROOT = iphoneos;
				VALIDATE_PRODUCT = YES;
			};
			name = Release;
		};
		E4C684A617602AA300DD8763 /* Debug */ = {
			isa = XCBuildConfiguration;
			baseConfigurationReference = 3F95091C7C18432287DEF0C4 /* Pods.xcconfig */;
			buildSettings = {
				ASSETCATALOG_COMPILER_APPICON_NAME = AppIcon;
				ASSETCATALOG_COMPILER_LAUNCHIMAGE_NAME = LaunchImage;
				FRAMEWORK_SEARCH_PATHS = (
					"$(inherited)",
					"$(SYSTEM_APPS_DIR)/Xcode5-DP.app/Contents/Developer/Library/Frameworks",
				);
				GCC_PRECOMPILE_PREFIX_HEADER = YES;
				GCC_PREFIX_HEADER = "LifePlanner/LifePlanner-Prefix.pch";
				INFOPLIST_FILE = "LifePlanner/LifePlanner-Info.plist";
				IPHONEOS_DEPLOYMENT_TARGET = 7.0;
				PRODUCT_NAME = "$(TARGET_NAME)";
				TARGETED_DEVICE_FAMILY = 1;
				WRAPPER_EXTENSION = app;
			};
			name = Debug;
		};
		E4C684A717602AA300DD8763 /* Release */ = {
			isa = XCBuildConfiguration;
			baseConfigurationReference = 3F95091C7C18432287DEF0C4 /* Pods.xcconfig */;
			buildSettings = {
				ASSETCATALOG_COMPILER_APPICON_NAME = AppIcon;
				ASSETCATALOG_COMPILER_LAUNCHIMAGE_NAME = LaunchImage;
				FRAMEWORK_SEARCH_PATHS = (
					"$(inherited)",
					"$(SYSTEM_APPS_DIR)/Xcode5-DP.app/Contents/Developer/Library/Frameworks",
				);
				GCC_PRECOMPILE_PREFIX_HEADER = YES;
				GCC_PREFIX_HEADER = "LifePlanner/LifePlanner-Prefix.pch";
				INFOPLIST_FILE = "LifePlanner/LifePlanner-Info.plist";
				IPHONEOS_DEPLOYMENT_TARGET = 7.0;
				PRODUCT_NAME = "$(TARGET_NAME)";
				TARGETED_DEVICE_FAMILY = 1;
				WRAPPER_EXTENSION = app;
			};
			name = Release;
		};
		E4C684A917602AA300DD8763 /* Debug */ = {
			isa = XCBuildConfiguration;
			baseConfigurationReference = 3E481DE331F4457C80D9F126 /* Pods-LifePlannerTests.xcconfig */;
			buildSettings = {
				BUNDLE_LOADER = "$(BUILT_PRODUCTS_DIR)/LifePlanner.app/LifePlanner";
				FRAMEWORK_SEARCH_PATHS = (
					"\"$(SDKROOT)/Developer/Library/Frameworks\"",
					"\"$(DEVELOPER_LIBRARY_DIR)/Frameworks\"",
				);
				GCC_PRECOMPILE_PREFIX_HEADER = YES;
				GCC_PREFIX_HEADER = "LifePlanner/LifePlanner-Prefix.pch";
				INFOPLIST_FILE = "LifePlannerTests/LifePlannerTests-Info.plist";
				PRODUCT_NAME = "$(TARGET_NAME)";
				TEST_HOST = "$(BUNDLE_LOADER)";
				WRAPPER_EXTENSION = octest;
			};
			name = Debug;
		};
		E4C684AA17602AA300DD8763 /* Release */ = {
			isa = XCBuildConfiguration;
			baseConfigurationReference = 3E481DE331F4457C80D9F126 /* Pods-LifePlannerTests.xcconfig */;
			buildSettings = {
				BUNDLE_LOADER = "$(BUILT_PRODUCTS_DIR)/LifePlanner.app/LifePlanner";
				FRAMEWORK_SEARCH_PATHS = (
					"\"$(SDKROOT)/Developer/Library/Frameworks\"",
					"\"$(DEVELOPER_LIBRARY_DIR)/Frameworks\"",
				);
				GCC_PRECOMPILE_PREFIX_HEADER = YES;
				GCC_PREFIX_HEADER = "LifePlanner/LifePlanner-Prefix.pch";
				INFOPLIST_FILE = "LifePlannerTests/LifePlannerTests-Info.plist";
				PRODUCT_NAME = "$(TARGET_NAME)";
				TEST_HOST = "$(BUNDLE_LOADER)";
				WRAPPER_EXTENSION = octest;
			};
			name = Release;
		};
/* End XCBuildConfiguration section */

/* Begin XCConfigurationList section */
		E4C6846817602AA300DD8763 /* Build configuration list for PBXProject "LifePlanner" */ = {
			isa = XCConfigurationList;
			buildConfigurations = (
				E4C684A317602AA300DD8763 /* Debug */,
				E4C684A417602AA300DD8763 /* Release */,
			);
			defaultConfigurationIsVisible = 0;
			defaultConfigurationName = Release;
		};
		E4C684A517602AA300DD8763 /* Build configuration list for PBXNativeTarget "LifePlanner" */ = {
			isa = XCConfigurationList;
			buildConfigurations = (
				E4C684A617602AA300DD8763 /* Debug */,
				E4C684A717602AA300DD8763 /* Release */,
			);
			defaultConfigurationIsVisible = 0;
			defaultConfigurationName = Release;
		};
		E4C684A817602AA300DD8763 /* Build configuration list for PBXNativeTarget "LifePlannerTests" */ = {
			isa = XCConfigurationList;
			buildConfigurations = (
				E4C684A917602AA300DD8763 /* Debug */,
				E4C684AA17602AA300DD8763 /* Release */,
			);
			defaultConfigurationIsVisible = 0;
			defaultConfigurationName = Release;
		};
/* End XCConfigurationList section */

/* Begin XCVersionGroup section */
		E4C6848A17602AA300DD8763 /* LifePlanner.xcdatamodeld */ = {
			isa = XCVersionGroup;
			children = (
				E4C6848B17602AA300DD8763 /* LifePlanner.xcdatamodel */,
			);
			currentVersion = E4C6848B17602AA300DD8763 /* LifePlanner.xcdatamodel */;
			path = LifePlanner.xcdatamodeld;
			sourceTree = "<group>";
			versionGroupType = wrapper.xcdatamodel;
		};
/* End XCVersionGroup section */
	};
	rootObject = E4C6846517602AA300DD8763 /* Project object */;
}
